// !$*UTF8*$!
{
	archiveVersion = 1;
	classes = {
	};
	objectVersion = 51;
	objects = {

/* Begin PBXBuildFile section */
		C6C2BBD7BDB08D84E6617680 /* Pods_TechTest.framework in Frameworks */ = {isa = PBXBuildFile; fileRef = 9FC44E18F3452013FBEE1FD3 /* Pods_TechTest.framework */; };
		CE3643182717ECC8005559BB /* AppDelegate.swift in Sources */ = {isa = PBXBuildFile; fileRef = CE3643172717ECC8005559BB /* AppDelegate.swift */; };
		CE36431A2717ECC8005559BB /* SceneDelegate.swift in Sources */ = {isa = PBXBuildFile; fileRef = CE3643192717ECC8005559BB /* SceneDelegate.swift */; };
		CE36431F2717ECC8005559BB /* Main.storyboard in Resources */ = {isa = PBXBuildFile; fileRef = CE36431D2717ECC8005559BB /* Main.storyboard */; };
		CE3643212717ECCF005559BB /* Assets.xcassets in Resources */ = {isa = PBXBuildFile; fileRef = CE3643202717ECCF005559BB /* Assets.xcassets */; };
		CE3643242717ECCF005559BB /* LaunchScreen.storyboard in Resources */ = {isa = PBXBuildFile; fileRef = CE3643222717ECCF005559BB /* LaunchScreen.storyboard */; };
		CE36432C2717ED11005559BB /* OnboardingViewController.swift in Sources */ = {isa = PBXBuildFile; fileRef = CE36432B2717ED11005559BB /* OnboardingViewController.swift */; };
		CE3643312718222B005559BB /* SignUpViewController.swift in Sources */ = {isa = PBXBuildFile; fileRef = CE3643302718222B005559BB /* SignUpViewController.swift */; };
		CE364333271822B1005559BB /* HomePageViewController.swift in Sources */ = {isa = PBXBuildFile; fileRef = CE364332271822B1005559BB /* HomePageViewController.swift */; };
/* End PBXBuildFile section */

/* Begin PBXFileReference section */
		3627FCFFA72FAC4248734857 /* Pods-TechTest.release.xcconfig */ = {isa = PBXFileReference; includeInIndex = 1; lastKnownFileType = text.xcconfig; name = "Pods-TechTest.release.xcconfig"; path = "Target Support Files/Pods-TechTest/Pods-TechTest.release.xcconfig"; sourceTree = "<group>"; };
		8AD0EB199D25A81DECA19D57 /* Pods-TechTest.debug.xcconfig */ = {isa = PBXFileReference; includeInIndex = 1; lastKnownFileType = text.xcconfig; name = "Pods-TechTest.debug.xcconfig"; path = "Target Support Files/Pods-TechTest/Pods-TechTest.debug.xcconfig"; sourceTree = "<group>"; };
		9FC44E18F3452013FBEE1FD3 /* Pods_TechTest.framework */ = {isa = PBXFileReference; explicitFileType = wrapper.framework; includeInIndex = 0; path = Pods_TechTest.framework; sourceTree = BUILT_PRODUCTS_DIR; };
		CE3643142717ECC8005559BB /* TechTest.app */ = {isa = PBXFileReference; explicitFileType = wrapper.application; includeInIndex = 0; path = TechTest.app; sourceTree = BUILT_PRODUCTS_DIR; };
		CE3643172717ECC8005559BB /* AppDelegate.swift */ = {isa = PBXFileReference; lastKnownFileType = sourcecode.swift; path = AppDelegate.swift; sourceTree = "<group>"; };
		CE3643192717ECC8005559BB /* SceneDelegate.swift */ = {isa = PBXFileReference; lastKnownFileType = sourcecode.swift; path = SceneDelegate.swift; sourceTree = "<group>"; };
		CE36431E2717ECC8005559BB /* Base */ = {isa = PBXFileReference; lastKnownFileType = file.storyboard; name = Base; path = Base.lproj/Main.storyboard; sourceTree = "<group>"; };
		CE3643202717ECCF005559BB /* Assets.xcassets */ = {isa = PBXFileReference; lastKnownFileType = folder.assetcatalog; path = Assets.xcassets; sourceTree = "<group>"; };
		CE3643232717ECCF005559BB /* Base */ = {isa = PBXFileReference; lastKnownFileType = file.storyboard; name = Base; path = Base.lproj/LaunchScreen.storyboard; sourceTree = "<group>"; };
		CE3643252717ECCF005559BB /* Info.plist */ = {isa = PBXFileReference; lastKnownFileType = text.plist.xml; path = Info.plist; sourceTree = "<group>"; };
		CE36432B2717ED11005559BB /* OnboardingViewController.swift */ = {isa = PBXFileReference; lastKnownFileType = sourcecode.swift; path = OnboardingViewController.swift; sourceTree = "<group>"; };
		CE3643302718222B005559BB /* SignUpViewController.swift */ = {isa = PBXFileReference; lastKnownFileType = sourcecode.swift; path = SignUpViewController.swift; sourceTree = "<group>"; };
		CE364332271822B1005559BB /* HomePageViewController.swift */ = {isa = PBXFileReference; lastKnownFileType = sourcecode.swift; path = HomePageViewController.swift; sourceTree = "<group>"; };
/* End PBXFileReference section */

/* Begin PBXFrameworksBuildPhase section */
		CE3643112717ECC7005559BB /* Frameworks */ = {
			isa = PBXFrameworksBuildPhase;
			buildActionMask = 2147483647;
			files = (
				C6C2BBD7BDB08D84E6617680 /* Pods_TechTest.framework in Frameworks */,
			);
			runOnlyForDeploymentPostprocessing = 0;
		};
/* End PBXFrameworksBuildPhase section */

/* Begin PBXGroup section */
		187D14D1FA0C5FE5BEE05F91 /* Pods */ = {
			isa = PBXGroup;
			children = (
				8AD0EB199D25A81DECA19D57 /* Pods-TechTest.debug.xcconfig */,
				3627FCFFA72FAC4248734857 /* Pods-TechTest.release.xcconfig */,
			);
			path = Pods;
			sourceTree = "<group>";
		};
		CE36430B2717ECC7005559BB = {
			isa = PBXGroup;
			children = (
				CE3643162717ECC8005559BB /* TechTest */,
				CE3643152717ECC8005559BB /* Products */,
				FAFB637CBDC39AD6DE3EE789 /* Frameworks */,
				187D14D1FA0C5FE5BEE05F91 /* Pods */,
			);
			sourceTree = "<group>";
		};
		CE3643152717ECC8005559BB /* Products */ = {
			isa = PBXGroup;
			children = (
				CE3643142717ECC8005559BB /* TechTest.app */,
			);
			name = Products;
			sourceTree = "<group>";
		};
		CE3643162717ECC8005559BB /* TechTest */ = {
			isa = PBXGroup;
			children = (
				CE36432F2717ED78005559BB /* Model */,
				CE36432E2717ED5C005559BB /* View */,
				CE36432D2717ED2A005559BB /* Controller */,
				CE3643202717ECCF005559BB /* Assets.xcassets */,
				CE3643252717ECCF005559BB /* Info.plist */,
				CE3643172717ECC8005559BB /* AppDelegate.swift */,
				CE3643192717ECC8005559BB /* SceneDelegate.swift */,
			);
			path = TechTest;
			sourceTree = "<group>";
		};
		CE36432D2717ED2A005559BB /* Controller */ = {
			isa = PBXGroup;
			children = (
				CE36432B2717ED11005559BB /* OnboardingViewController.swift */,
				CE3643302718222B005559BB /* SignUpViewController.swift */,
				CE364332271822B1005559BB /* HomePageViewController.swift */,
			);
			path = Controller;
			sourceTree = "<group>";
		};
		CE36432E2717ED5C005559BB /* View */ = {
			isa = PBXGroup;
			children = (
				CE3643222717ECCF005559BB /* LaunchScreen.storyboard */,
				CE36431D2717ECC8005559BB /* Main.storyboard */,
			);
			path = View;
			sourceTree = "<group>";
		};
		CE36432F2717ED78005559BB /* Model */ = {
			isa = PBXGroup;
			children = (
			);
			path = Model;
			sourceTree = "<group>";
		};
		FAFB637CBDC39AD6DE3EE789 /* Frameworks */ = {
			isa = PBXGroup;
			children = (
				9FC44E18F3452013FBEE1FD3 /* Pods_TechTest.framework */,
			);
			name = Frameworks;
			sourceTree = "<group>";
		};
/* End PBXGroup section */

/* Begin PBXNativeTarget section */
		CE3643132717ECC7005559BB /* TechTest */ = {
			isa = PBXNativeTarget;
			buildConfigurationList = CE3643282717ECCF005559BB /* Build configuration list for PBXNativeTarget "TechTest" */;
			buildPhases = (
				0CD5018760C877B3BA0B978B /* [CP] Check Pods Manifest.lock */,
				CE3643102717ECC7005559BB /* Sources */,
				CE3643112717ECC7005559BB /* Frameworks */,
				CE3643122717ECC7005559BB /* Resources */,
				2736D7B8DE85EF31DA161BD7 /* [CP] Embed Pods Frameworks */,
			);
			buildRules = (
			);
			dependencies = (
			);
			name = TechTest;
			productName = TechTest;
			productReference = CE3643142717ECC8005559BB /* TechTest.app */;
			productType = "com.apple.product-type.application";
		};
/* End PBXNativeTarget section */

/* Begin PBXProject section */
		CE36430C2717ECC7005559BB /* Project object */ = {
			isa = PBXProject;
			attributes = {
				LastSwiftUpdateCheck = 1130;
				LastUpgradeCheck = 1130;
				ORGANIZATIONNAME = marzhan;
				TargetAttributes = {
					CE3643132717ECC7005559BB = {
						CreatedOnToolsVersion = 11.3.1;
					};
				};
			};
			buildConfigurationList = CE36430F2717ECC7005559BB /* Build configuration list for PBXProject "TechTest" */;
			compatibilityVersion = "Xcode 9.3";
			developmentRegion = en;
			hasScannedForEncodings = 0;
			knownRegions = (
				en,
				Base,
			);
			mainGroup = CE36430B2717ECC7005559BB;
			productRefGroup = CE3643152717ECC8005559BB /* Products */;
			projectDirPath = "";
			projectRoot = "";
			targets = (
				CE3643132717ECC7005559BB /* TechTest */,
			);
		};
/* End PBXProject section */

/* Begin PBXResourcesBuildPhase section */
		CE3643122717ECC7005559BB /* Resources */ = {
			isa = PBXResourcesBuildPhase;
			buildActionMask = 2147483647;
			files = (
				CE3643242717ECCF005559BB /* LaunchScreen.storyboard in Resources */,
				CE3643212717ECCF005559BB /* Assets.xcassets in Resources */,
				CE36431F2717ECC8005559BB /* Main.storyboard in Resources */,
			);
			runOnlyForDeploymentPostprocessing = 0;
		};
/* End PBXResourcesBuildPhase section */

/* Begin PBXShellScriptBuildPhase section */
		0CD5018760C877B3BA0B978B /* [CP] Check Pods Manifest.lock */ = {
			isa = PBXShellScriptBuildPhase;
			buildActionMask = 2147483647;
			files = (
			);
			inputFileListPaths = (
			);
			inputPaths = (
				"${PODS_PODFILE_DIR_PATH}/Podfile.lock",
				"${PODS_ROOT}/Manifest.lock",
			);
			name = "[CP] Check Pods Manifest.lock";
			outputFileListPaths = (
			);
			outputPaths = (
				"$(DERIVED_FILE_DIR)/Pods-TechTest-checkManifestLockResult.txt",
			);
			runOnlyForDeploymentPostprocessing = 0;
			shellPath = /bin/sh;
			shellScript = "diff \"${PODS_PODFILE_DIR_PATH}/Podfile.lock\" \"${PODS_ROOT}/Manifest.lock\" > /dev/null\nif [ $? != 0 ] ; then\n    # print error to STDERR\n    echo \"error: The sandbox is not in sync with the Podfile.lock. Run 'pod install' or update your CocoaPods installation.\" >&2\n    exit 1\nfi\n# This output is used by Xcode 'outputs' to avoid re-running this script phase.\necho \"SUCCESS\" > \"${SCRIPT_OUTPUT_FILE_0}\"\n";
			showEnvVarsInLog = 0;
		};
		2736D7B8DE85EF31DA161BD7 /* [CP] Embed Pods Frameworks */ = {
			isa = PBXShellScriptBuildPhase;
			buildActionMask = 2147483647;
			files = (
			);
			inputFileListPaths = (
				"${PODS_ROOT}/Target Support Files/Pods-TechTest/Pods-TechTest-frameworks-${CONFIGURATION}-input-files.xcfilelist",
			);
			name = "[CP] Embed Pods Frameworks";
			outputFileListPaths = (
				"${PODS_ROOT}/Target Support Files/Pods-TechTest/Pods-TechTest-frameworks-${CONFIGURATION}-output-files.xcfilelist",
			);
			runOnlyForDeploymentPostprocessing = 0;
			shellPath = /bin/sh;
			shellScript = "\"${PODS_ROOT}/Target Support Files/Pods-TechTest/Pods-TechTest-frameworks.sh\"\n";
			showEnvVarsInLog = 0;
		};
/* End PBXShellScriptBuildPhase section */

/* Begin PBXSourcesBuildPhase section */
		CE3643102717ECC7005559BB /* Sources */ = {
			isa = PBXSourcesBuildPhase;
			buildActionMask = 2147483647;
			files = (
				CE3643182717ECC8005559BB /* AppDelegate.swift in Sources */,
				CE36431A2717ECC8005559BB /* SceneDelegate.swift in Sources */,
				CE3643312718222B005559BB /* SignUpViewController.swift in Sources */,
				CE364333271822B1005559BB /* HomePageViewController.swift in Sources */,
				CE36432C2717ED11005559BB /* OnboardingViewController.swift in Sources */,
			);
			runOnlyForDeploymentPostprocessing = 0;
		};
/* End PBXSourcesBuildPhase section */

/* Begin PBXVariantGroup section */
		CE36431D2717ECC8005559BB /* Main.storyboard */ = {
			isa = PBXVariantGroup;
			children = (
				CE36431E2717ECC8005559BB /* Base */,
			);
			name = Main.storyboard;
			sourceTree = "<group>";
		};
		CE3643222717ECCF005559BB /* LaunchScreen.storyboard */ = {
			isa = PBXVariantGroup;
			children = (
				CE3643232717ECCF005559BB /* Base */,
			);
			name = LaunchScreen.storyboard;
			sourceTree = "<group>";
		};
/* End PBXVariantGroup section */

/* Begin XCBuildConfiguration section */
		CE3643262717ECCF005559BB /* Debug */ = {
			isa = XCBuildConfiguration;
			buildSettings = {
				ALWAYS_SEARCH_USER_PATHS = NO;
				CLANG_ANALYZER_NONNULL = YES;
				CLANG_ANALYZER_NUMBER_OBJECT_CONVERSION = YES_AGGRESSIVE;
				CLANG_CXX_LANGUAGE_STANDARD = "gnu++14";
				CLANG_CXX_LIBRARY = "libc++";
				CLANG_ENABLE_MODULES = YES;
				CLANG_ENABLE_OBJC_ARC = YES;
				CLANG_ENABLE_OBJC_WEAK = YES;
				CLANG_WARN_BLOCK_CAPTURE_AUTORELEASING = YES;
				CLANG_WARN_BOOL_CONVERSION = YES;
				CLANG_WARN_COMMA = YES;
				CLANG_WARN_CONSTANT_CONVERSION = YES;
				CLANG_WARN_DEPRECATED_OBJC_IMPLEMENTATIONS = YES;
				CLANG_WARN_DIRECT_OBJC_ISA_USAGE = YES_ERROR;
				CLANG_WARN_DOCUMENTATION_COMMENTS = YES;
				CLANG_WARN_EMPTY_BODY = YES;
				CLANG_WARN_ENUM_CONVERSION = YES;
				CLANG_WARN_INFINITE_RECURSION = YES;
				CLANG_WARN_INT_CONVERSION = YES;
				CLANG_WARN_NON_LITERAL_NULL_CONVERSION = YES;
				CLANG_WARN_OBJC_IMPLICIT_RETAIN_SELF = YES;
				CLANG_WARN_OBJC_LITERAL_CONVERSION = YES;
				CLANG_WARN_OBJC_ROOT_CLASS = YES_ERROR;
				CLANG_WARN_RANGE_LOOP_ANALYSIS = YES;
				CLANG_WARN_STRICT_PROTOTYPES = YES;
				CLANG_WARN_SUSPICIOUS_MOVE = YES;
				CLANG_WARN_UNGUARDED_AVAILABILITY = YES_AGGRESSIVE;
				CLANG_WARN_UNREACHABLE_CODE = YES;
				CLANG_WARN__DUPLICATE_METHOD_MATCH = YES;
				COPY_PHASE_STRIP = NO;
				DEBUG_INFORMATION_FORMAT = dwarf;
				ENABLE_STRICT_OBJC_MSGSEND = YES;
				ENABLE_TESTABILITY = YES;
				GCC_C_LANGUAGE_STANDARD = gnu11;
				GCC_DYNAMIC_NO_PIC = NO;
				GCC_NO_COMMON_BLOCKS = YES;
				GCC_OPTIMIZATION_LEVEL = 0;
				GCC_PREPROCESSOR_DEFINITIONS = (
					"DEBUG=1",
					"$(inherited)",
				);
				GCC_WARN_64_TO_32_BIT_CONVERSION = YES;
				GCC_WARN_ABOUT_RETURN_TYPE = YES_ERROR;
				GCC_WARN_UNDECLARED_SELECTOR = YES;
				GCC_WARN_UNINITIALIZED_AUTOS = YES_AGGRESSIVE;
				GCC_WARN_UNUSED_FUNCTION = YES;
				GCC_WARN_UNUSED_VARIABLE = YES;
				IPHONEOS_DEPLOYMENT_TARGET = 13.2;
				MTL_ENABLE_DEBUG_INFO = INCLUDE_SOURCE;
				MTL_FAST_MATH = YES;
				ONLY_ACTIVE_ARCH = YES;
				SDKROOT = iphoneos;
				SWIFT_ACTIVE_COMPILATION_CONDITIONS = DEBUG;
				SWIFT_OPTIMIZATION_LEVEL = "-Onone";
			};
			name = Debug;
		};
		CE3643272717ECCF005559BB /* Release */ = {
			isa = XCBuildConfiguration;
			buildSettings = {
				ALWAYS_SEARCH_USER_PATHS = NO;
				CLANG_ANALYZER_NONNULL = YES;
				CLANG_ANALYZER_NUMBER_OBJECT_CONVERSION = YES_AGGRESSIVE;
				CLANG_CXX_LANGUAGE_STANDARD = "gnu++14";
				CLANG_CXX_LIBRARY = "libc++";
				CLANG_ENABLE_MODULES = YES;
				CLANG_ENABLE_OBJC_ARC = YES;
				CLANG_ENABLE_OBJC_WEAK = YES;
				CLANG_WARN_BLOCK_CAPTURE_AUTORELEASING = YES;
				CLANG_WARN_BOOL_CONVERSION = YES;
				CLANG_WARN_COMMA = YES;
				CLANG_WARN_CONSTANT_CONVERSION = YES;
				CLANG_WARN_DEPRECATED_OBJC_IMPLEMENTATIONS = YES;
				CLANG_WARN_DIRECT_OBJC_ISA_USAGE = YES_ERROR;
				CLANG_WARN_DOCUMENTATION_COMMENTS = YES;
				CLANG_WARN_EMPTY_BODY = YES;
				CLANG_WARN_ENUM_CONVERSION = YES;
				CLANG_WARN_INFINITE_RECURSION = YES;
				CLANG_WARN_INT_CONVERSION = YES;
				CLANG_WARN_NON_LITERAL_NULL_CONVERSION = YES;
				CLANG_WARN_OBJC_IMPLICIT_RETAIN_SELF = YES;
				CLANG_WARN_OBJC_LITERAL_CONVERSION = YES;
				CLANG_WARN_OBJC_ROOT_CLASS = YES_ERROR;
				CLANG_WARN_RANGE_LOOP_ANALYSIS = YES;
				CLANG_WARN_STRICT_PROTOTYPES = YES;
				CLANG_WARN_SUSPICIOUS_MOVE = YES;
				CLANG_WARN_UNGUARDED_AVAILABILITY = YES_AGGRESSIVE;
				CLANG_WARN_UNREACHABLE_CODE = YES;
				CLANG_WARN__DUPLICATE_METHOD_MATCH = YES;
				COPY_PHASE_STRIP = NO;
				DEBUG_INFORMATION_FORMAT = "dwarf-with-dsym";
				ENABLE_NS_ASSERTIONS = NO;
				ENABLE_STRICT_OBJC_MSGSEND = YES;
				GCC_C_LANGUAGE_STANDARD = gnu11;
				GCC_NO_COMMON_BLOCKS = YES;
				GCC_WARN_64_TO_32_BIT_CONVERSION = YES;
				GCC_WARN_ABOUT_RETURN_TYPE = YES_ERROR;
				GCC_WARN_UNDECLARED_SELECTOR = YES;
				GCC_WARN_UNINITIALIZED_AUTOS = YES_AGGRESSIVE;
				GCC_WARN_UNUSED_FUNCTION = YES;
				GCC_WARN_UNUSED_VARIABLE = YES;
				IPHONEOS_DEPLOYMENT_TARGET = 13.2;
				MTL_ENABLE_DEBUG_INFO = NO;
				MTL_FAST_MATH = YES;
				SDKROOT = iphoneos;
				SWIFT_COMPILATION_MODE = wholemodule;
				SWIFT_OPTIMIZATION_LEVEL = "-O";
				VALIDATE_PRODUCT = YES;
			};
			name = Release;
		};
		CE3643292717ECCF005559BB /* Debug */ = {
			isa = XCBuildConfiguration;
			baseConfigurationReference = 8AD0EB199D25A81DECA19D57 /* Pods-TechTest.debug.xcconfig */;
			buildSettings = {
				ASSETCATALOG_COMPILER_APPICON_NAME = AppIcon;
				CODE_SIGN_STYLE = Automatic;
				INFOPLIST_FILE = TechTest/Info.plist;
				LD_RUNPATH_SEARCH_PATHS = (
					"$(inherited)",
					"@executable_path/Frameworks",
				);
				PRODUCT_BUNDLE_IDENTIFIER = com.marzhan.shine.TechTest;
				PRODUCT_NAME = "$(TARGET_NAME)";
				SWIFT_VERSION = 5.0;
				TARGETED_DEVICE_FAMILY = "1,2";
			};
			name = Debug;
		};
		CE36432A2717ECCF005559BB /* Release */ = {
			isa = XCBuildConfiguration;
			baseConfigurationReference = 3627FCFFA72FAC4248734857 /* Pods-TechTest.release.xcconfig */;
			buildSettings = {
				ASSETCATALOG_COMPILER_APPICON_NAME = AppIcon;
				CODE_SIGN_STYLE = Automatic;
				INFOPLIST_FILE = TechTest/Info.plist;
				LD_RUNPATH_SEARCH_PATHS = (
					"$(inherited)",
					"@executable_path/Frameworks",
				);
				PRODUCT_BUNDLE_IDENTIFIER = com.marzhan.shine.TechTest;
				PRODUCT_NAME = "$(TARGET_NAME)";
				SWIFT_VERSION = 5.0;
				TARGETED_DEVICE_FAMILY = "1,2";
			};
			name = Release;
		};
/* End XCBuildConfiguration section */

/* Begin XCConfigurationList section */
		CE36430F2717ECC7005559BB /* Build configuration list for PBXProject "TechTest" */ = {
			isa = XCConfigurationList;
			buildConfigurations = (
				CE3643262717ECCF005559BB /* Debug */,
				CE3643272717ECCF005559BB /* Release */,
			);
			defaultConfigurationIsVisible = 0;
			defaultConfigurationName = Release;
		};
		CE3643282717ECCF005559BB /* Build configuration list for PBXNativeTarget "TechTest" */ = {
			isa = XCConfigurationList;
			buildConfigurations = (
				CE3643292717ECCF005559BB /* Debug */,
				CE36432A2717ECCF005559BB /* Release */,
			);
			defaultConfigurationIsVisible = 0;
			defaultConfigurationName = Release;
		};
/* End XCConfigurationList section */
	};
	rootObject = CE36430C2717ECC7005559BB /* Project object */;
}
